
Microsoft Visual Studio Solution File, Format Version 12.00
# Visual Studio 15
VisualStudioVersion = 15.0.27130.2036
MinimumVisualStudioVersion = 10.0.40219.1
Project("{FAE04EC0-301F-11D3-BF4B-00C04F79EFBC}") = "Caesars", "Caesars\Caesars.csproj", "{789C5503-22E0-4AAE-B457-826860631DB9}"
EndProject
Project("{FAE04EC0-301F-11D3-BF4B-00C04F79EFBC}") = "Tunnitöö-Caesar", "Tunnitöö-Caesar\Tunnitöö-Caesar.csproj", "{91647362-EA64-4841-B4C7-5A262FA11B40}"
EndProject
Project("{FAE04EC0-301F-11D3-BF4B-00C04F79EFBC}") = "Koos tehtu", "Koos tehtu\Koos tehtu.csproj", "{449C67BD-2AE6-4615-BBED-2F2F77E8A452}"
EndProject
Global
	GlobalSection(SolutionConfigurationPlatforms) = preSolution
		Debug|Any CPU = Debug|Any CPU
		Release|Any CPU = Release|Any CPU
	EndGlobalSection
	GlobalSection(ProjectConfigurationPlatforms) = postSolution
		{789C5503-22E0-4AAE-B457-826860631DB9}.Debug|Any CPU.ActiveCfg = Debug|Any CPU
		{789C5503-22E0-4AAE-B457-826860631DB9}.Debug|Any CPU.Build.0 = Debug|Any CPU
		{789C5503-22E0-4AAE-B457-826860631DB9}.Release|Any CPU.ActiveCfg = Release|Any CPU
		{789C5503-22E0-4AAE-B457-826860631DB9}.Release|Any CPU.Build.0 = Release|Any CPU
		{91647362-EA64-4841-B4C7-5A262FA11B40}.Debug|Any CPU.ActiveCfg = Debug|Any CPU
		{91647362-EA64-4841-B4C7-5A262FA11B40}.Debug|Any CPU.Build.0 = Debug|Any CPU
		{91647362-EA64-4841-B4C7-5A262FA11B40}.Release|Any CPU.ActiveCfg = Release|Any CPU
		{91647362-EA64-4841-B4C7-5A262FA11B40}.Release|Any CPU.Build.0 = Release|Any CPU
		{449C67BD-2AE6-4615-BBED-2F2F77E8A452}.Debug|Any CPU.ActiveCfg = Debug|Any CPU
		{449C67BD-2AE6-4615-BBED-2F2F77E8A452}.Debug|Any CPU.Build.0 = Debug|Any CPU
		{449C67BD-2AE6-4615-BBED-2F2F77E8A452}.Release|Any CPU.ActiveCfg = Release|Any CPU
		{449C67BD-2AE6-4615-BBED-2F2F77E8A452}.Release|Any CPU.Build.0 = Release|Any CPU
	EndGlobalSection
	GlobalSection(SolutionProperties) = preSolution
		HideSolutionNode = FALSE
	EndGlobalSection
	GlobalSection(ExtensibilityGlobals) = postSolution
		SolutionGuid = {053BC7E0-421B-483D-B600-356B990A3506}
	EndGlobalSection
EndGlobal
